Microsoft Visual Studio Solution File, Format Version 12.00
# Visual Studio Version 16
VisualStudioVersion = 16.0.28803.156
MinimumVisualStudioVersion = 10.0.40219.1
Project("{2150E333-8FDC-42A3-9474-1A3956D46DE8}") = "src", "src", "{C2F8FF63-7A48-4179-A720-86206C42F496}"
EndProject
Project("{2150E333-8FDC-42A3-9474-1A3956D46DE8}") = "test", "test", "{A1834318-2802-4E88-B720-A33B9214F680}"
EndProject
Project("{9A19103F-16F7-4668-BE54-9A1E7A4F7556}") = "Be.Vlaanderen.Basisregisters.Api", "src\Be.Vlaanderen.Basisregisters.Api\Be.Vlaanderen.Basisregisters.Api.csproj", "{7FA0BF0A-B98F-4455-A9D1-01B22538A9B9}"
EndProject
Project("{2150E333-8FDC-42A3-9474-1A3956D46DE8}") = "Solution Items", "Solution Items", "{453A566F-E4D5-4D12-A5A7-67D02B4330FD}"
	ProjectSection(SolutionItems) = preProject
		.editorconfig = .editorconfig
		.gitattributes = .gitattributes
		.gitignore = .gitignore
		global.json = global.json
		LICENSE = LICENSE
		package.json = package.json
		paket.dependencies = paket.dependencies
		README.md = README.md
		SEMVER.md = SEMVER.md
	EndProjectSection
EndProject
Project("{9A19103F-16F7-4668-BE54-9A1E7A4F7556}") = "Be.Vlaanderen.Basisregisters.Api.Tests", "test\Be.Vlaanderen.Basisregisters.Api.Tests\Be.Vlaanderen.Basisregisters.Api.Tests.csproj", "{20A0E554-B271-4E80-93B0-62579BB6E021}"
EndProject
Project("{9A19103F-16F7-4668-BE54-9A1E7A4F7556}") = "Dummy.Api", "test\Dummy.Api\Dummy.Api.csproj", "{40A0E554-B271-4E80-93B0-62579BB6E021}"
EndProject
Global
	GlobalSection(SolutionConfigurationPlatforms) = preSolution
		Debug|Any CPU = Debug|Any CPU
		Debug|x64 = Debug|x64
		Debug|x86 = Debug|x86
		Release|Any CPU = Release|Any CPU
		Release|x64 = Release|x64
		Release|x86 = Release|x86
	EndGlobalSection
	GlobalSection(ProjectConfigurationPlatforms) = postSolution
		{7FA0BF0A-B98F-4455-A9D1-01B22538A9B9}.Debug|Any CPU.ActiveCfg = Debug|Any CPU
		{7FA0BF0A-B98F-4455-A9D1-01B22538A9B9}.Debug|Any CPU.Build.0 = Debug|Any CPU
		{7FA0BF0A-B98F-4455-A9D1-01B22538A9B9}.Debug|x64.ActiveCfg = Debug|Any CPU
		{7FA0BF0A-B98F-4455-A9D1-01B22538A9B9}.Debug|x64.Build.0 = Debug|Any CPU
		{7FA0BF0A-B98F-4455-A9D1-01B22538A9B9}.Debug|x86.ActiveCfg = Debug|Any CPU
		{7FA0BF0A-B98F-4455-A9D1-01B22538A9B9}.Debug|x86.Build.0 = Debug|Any CPU
		{7FA0BF0A-B98F-4455-A9D1-01B22538A9B9}.Release|Any CPU.ActiveCfg = Release|Any CPU
		{7FA0BF0A-B98F-4455-A9D1-01B22538A9B9}.Release|Any CPU.Build.0 = Release|Any CPU
		{7FA0BF0A-B98F-4455-A9D1-01B22538A9B9}.Release|x64.ActiveCfg = Release|Any CPU
		{7FA0BF0A-B98F-4455-A9D1-01B22538A9B9}.Release|x64.Build.0 = Release|Any CPU
		{7FA0BF0A-B98F-4455-A9D1-01B22538A9B9}.Release|x86.ActiveCfg = Release|Any CPU
		{7FA0BF0A-B98F-4455-A9D1-01B22538A9B9}.Release|x86.Build.0 = Release|Any CPU
		{20A0E554-B271-4E80-93B0-62579BB6E021}.Debug|Any CPU.ActiveCfg = Debug|Any CPU
		{20A0E554-B271-4E80-93B0-62579BB6E021}.Debug|Any CPU.Build.0 = Debug|Any CPU
		{20A0E554-B271-4E80-93B0-62579BB6E021}.Debug|x64.ActiveCfg = Debug|Any CPU
		{20A0E554-B271-4E80-93B0-62579BB6E021}.Debug|x64.Build.0 = Debug|Any CPU
		{20A0E554-B271-4E80-93B0-62579BB6E021}.Debug|x86.ActiveCfg = Debug|Any CPU
		{20A0E554-B271-4E80-93B0-62579BB6E021}.Debug|x86.Build.0 = Debug|Any CPU
		{20A0E554-B271-4E80-93B0-62579BB6E021}.Release|Any CPU.ActiveCfg = Release|Any CPU
		{20A0E554-B271-4E80-93B0-62579BB6E021}.Release|Any CPU.Build.0 = Release|Any CPU
		{20A0E554-B271-4E80-93B0-62579BB6E021}.Release|x64.ActiveCfg = Release|Any CPU
		{20A0E554-B271-4E80-93B0-62579BB6E021}.Release|x64.Build.0 = Release|Any CPU
		{20A0E554-B271-4E80-93B0-62579BB6E021}.Release|x86.ActiveCfg = Release|Any CPU
		{20A0E554-B271-4E80-93B0-62579BB6E021}.Release|x86.Build.0 = Release|Any CPU
		{40A0E554-B271-4E80-93B0-62579BB6E021}.Debug|Any CPU.ActiveCfg = Debug|Any CPU
		{40A0E554-B271-4E80-93B0-62579BB6E021}.Debug|Any CPU.Build.0 = Debug|Any CPU
		{40A0E554-B271-4E80-93B0-62579BB6E021}.Debug|x64.ActiveCfg = Debug|Any CPU
		{40A0E554-B271-4E80-93B0-62579BB6E021}.Debug|x64.Build.0 = Debug|Any CPU
		{40A0E554-B271-4E80-93B0-62579BB6E021}.Debug|x86.ActiveCfg = Debug|Any CPU
		{40A0E554-B271-4E80-93B0-62579BB6E021}.Debug|x86.Build.0 = Debug|Any CPU
		{40A0E554-B271-4E80-93B0-62579BB6E021}.Release|Any CPU.ActiveCfg = Release|Any CPU
		{40A0E554-B271-4E80-93B0-62579BB6E021}.Release|Any CPU.Build.0 = Release|Any CPU
		{40A0E554-B271-4E80-93B0-62579BB6E021}.Release|x64.ActiveCfg = Release|Any CPU
		{40A0E554-B271-4E80-93B0-62579BB6E021}.Release|x64.Build.0 = Release|Any CPU
		{40A0E554-B271-4E80-93B0-62579BB6E021}.Release|x86.ActiveCfg = Release|Any CPU
		{40A0E554-B271-4E80-93B0-62579BB6E021}.Release|x86.Build.0 = Release|Any CPU
	EndGlobalSection
	GlobalSection(SolutionProperties) = preSolution
		HideSolutionNode = FALSE
	EndGlobalSection
	GlobalSection(NestedProjects) = preSolution
		{7FA0BF0A-B98F-4455-A9D1-01B22538A9B9} = {C2F8FF63-7A48-4179-A720-86206C42F496}
		{20A0E554-B271-4E80-93B0-62579BB6E021} = {A1834318-2802-4E88-B720-A33B9214F680}
		{40A0E554-B271-4E80-93B0-62579BB6E021} = {A1834318-2802-4E88-B720-A33B9214F680}
	EndGlobalSection
	GlobalSection(ExtensibilityGlobals) = postSolution
		SolutionGuid = {2EB87445-E263-4E1E-89CC-3839170028E5}
	EndGlobalSection
EndGlobal
